
Microsoft Visual Studio Solution File, Format Version 12.00
# Visual Studio Version 17
VisualStudioVersion = 17.14.36414.22 d17.14
MinimumVisualStudioVersion = 10.0.40219.1
Project("{FAE04EC0-301F-11D3-BF4B-00C04F79EFBC}") = "Suduku_project", "Suduku_project.csproj", "{8FFA3352-F17A-402A-9D73-68D932E1EBEF}"
EndProject
Global
	GlobalSection(SolutionConfigurationPlatforms) = preSolution
		Debug|Any CPU = Debug|Any CPU
		Release|Any CPU = Release|Any CPU
	EndGlobalSection
	GlobalSection(ProjectConfigurationPlatforms) = postSolution
		{8FFA3352-F17A-402A-9D73-68D932E1EBEF}.Debug|Any CPU.ActiveCfg = Debug|Any CPU
		{8FFA3352-F17A-402A-9D73-68D932E1EBEF}.Debug|Any CPU.Build.0 = Debug|Any CPU
		{8FFA3352-F17A-402A-9D73-68D932E1EBEF}.Release|Any CPU.ActiveCfg = Release|Any CPU
		{8FFA3352-F17A-402A-9D73-68D932E1EBEF}.Release|Any CPU.Build.0 = Release|Any CPU
	EndGlobalSection
	GlobalSection(SolutionProperties) = preSolution
		HideSolutionNode = FALSE
	EndGlobalSection
	GlobalSection(ExtensibilityGlobals) = postSolution
		SolutionGuid = {CF54CCC4-9689-4C5B-A721-F478D5E39826}
	EndGlobalSection
EndGlobal
